
Microsoft Visual Studio Solution File, Format Version 12.00
# Visual Studio 2013
VisualStudioVersion = 12.0.30501.0
MinimumVisualStudioVersion = 10.0.40219.1
Project("{FAE04EC0-301F-11D3-BF4B-00C04F79EFBC}") = "LossesCalculationCore", "LossesCalculationCore\LossesCalculationCore.csproj", "{E6FFDC72-72D5-4A19-A947-65C595531580}"
EndProject
Project("{FAE04EC0-301F-11D3-BF4B-00C04F79EFBC}") = "ElectricityTests", "ElectricityTests\ElectricityTests.csproj", "{6E0D1773-E585-45E7-9B84-579E3C4F14F4}"
EndProject
Project("{FAE04EC0-301F-11D3-BF4B-00C04F79EFBC}") = "ElectricityWeb", "ElectricityWeb\ElectricityWeb.csproj", "{0B93E8B1-AE60-4ECD-8BBD-4EC86371BFC4}"
EndProject
Global
	GlobalSection(SolutionConfigurationPlatforms) = preSolution
		Debug|Any CPU = Debug|Any CPU
		Release|Any CPU = Release|Any CPU
	EndGlobalSection
	GlobalSection(ProjectConfigurationPlatforms) = postSolution
		{E6FFDC72-72D5-4A19-A947-65C595531580}.Debug|Any CPU.ActiveCfg = Debug|Any CPU
		{E6FFDC72-72D5-4A19-A947-65C595531580}.Debug|Any CPU.Build.0 = Debug|Any CPU
		{E6FFDC72-72D5-4A19-A947-65C595531580}.Release|Any CPU.ActiveCfg = Release|Any CPU
		{E6FFDC72-72D5-4A19-A947-65C595531580}.Release|Any CPU.Build.0 = Release|Any CPU
		{6E0D1773-E585-45E7-9B84-579E3C4F14F4}.Debug|Any CPU.ActiveCfg = Debug|Any CPU
		{6E0D1773-E585-45E7-9B84-579E3C4F14F4}.Debug|Any CPU.Build.0 = Debug|Any CPU
		{6E0D1773-E585-45E7-9B84-579E3C4F14F4}.Release|Any CPU.ActiveCfg = Release|Any CPU
		{6E0D1773-E585-45E7-9B84-579E3C4F14F4}.Release|Any CPU.Build.0 = Release|Any CPU
		{0B93E8B1-AE60-4ECD-8BBD-4EC86371BFC4}.Debug|Any CPU.ActiveCfg = Debug|Any CPU
		{0B93E8B1-AE60-4ECD-8BBD-4EC86371BFC4}.Debug|Any CPU.Build.0 = Debug|Any CPU
		{0B93E8B1-AE60-4ECD-8BBD-4EC86371BFC4}.Release|Any CPU.ActiveCfg = Release|Any CPU
		{0B93E8B1-AE60-4ECD-8BBD-4EC86371BFC4}.Release|Any CPU.Build.0 = Release|Any CPU
	EndGlobalSection
	GlobalSection(SolutionProperties) = preSolution
		HideSolutionNode = FALSE
	EndGlobalSection
EndGlobal
